// !$*UTF8*$!
{
	archiveVersion = 1;
	classes = {
	};
	objectVersion = 46;
	objects = {

/* Begin PBXBuildFile section */
		FB25C2461AC0FE0800F274B9 /* main.cpp in Sources */ = {isa = PBXBuildFile; fileRef = FB25C2451AC0FE0800F274B9 /* main.cpp */; };
/* End PBXBuildFile section */

/* Begin PBXCopyFilesBuildPhase section */
		FB25C2401AC0FE0800F274B9 /* CopyFiles */ = {
			isa = PBXCopyFilesBuildPhase;
			buildActionMask = 2147483647;
			dstPath = /usr/share/man/man1/;
			dstSubfolderSpec = 0;
			files = (
			);
			runOnlyForDeploymentPostprocessing = 1;
		};
/* End PBXCopyFilesBuildPhase section */

/* Begin PBXFileReference section */
		FB25C2421AC0FE0800F274B9 /* WIFI LOCATOR */ = {isa = PBXFileReference; explicitFileType = "compiled.mach-o.executable"; includeInIndex = 0; path = "WIFI LOCATOR"; sourceTree = BUILT_PRODUCTS_DIR; };
		FB25C2451AC0FE0800F274B9 /* main.cpp */ = {isa = PBXFileReference; lastKnownFileType = sourcecode.cpp.cpp; path = main.cpp; sourceTree = "<group>"; };
/* End PBXFileReference section */

/* Begin PBXFrameworksBuildPhase section */
		FB25C23F1AC0FE0800F274B9 /* Frameworks */ = {
			isa = PBXFrameworksBuildPhase;
			buildActionMask = 2147483647;
			files = (
			);
			runOnlyForDeploymentPostprocessing = 0;
		};
/* End PBXFrameworksBuildPhase section */

/* Begin PBXGroup section */
		FB25C2391AC0FE0800F274B9 = {
			isa = PBXGroup;
			children = (
				FB25C2441AC0FE0800F274B9 /* WIFI LOCATOR */,
				FB25C2431AC0FE0800F274B9 /* Products */,
			);
			sourceTree = "<group>";
		};
		FB25C2431AC0FE0800F274B9 /* Products */ = {
			isa = PBXGroup;
			children = (
				FB25C2421AC0FE0800F274B9 /* WIFI LOCATOR */,
			);
			name = Products;
			sourceTree = "<group>";
		};
		FB25C2441AC0FE0800F274B9 /* WIFI LOCATOR */ = {
			isa = PBXGroup;
			children = (
				FB25C2451AC0FE0800F274B9 /* main.cpp */,
			);
			path = "WIFI LOCATOR";
			sourceTree = "<group>";
		};
/* End PBXGroup section */

/* Begin PBXNativeTarget section */
		FB25C2411AC0FE0800F274B9 /* WIFI LOCATOR */ = {
			isa = PBXNativeTarget;
			buildConfigurationList = FB25C2491AC0FE0800F274B9 /* Build configuration list for PBXNativeTarget "WIFI LOCATOR" */;
			buildPhases = (
				FB25C23E1AC0FE0800F274B9 /* Sources */,
				FB25C23F1AC0FE0800F274B9 /* Frameworks */,
				FB25C2401AC0FE0800F274B9 /* CopyFiles */,
			);
			buildRules = (
			);
			dependencies = (
			);
			name = "WIFI LOCATOR";
			productName = "WIFI LOCATOR";
			productReference = FB25C2421AC0FE0800F274B9 /* WIFI LOCATOR */;
			productType = "com.apple.product-type.tool";
		};
/* End PBXNativeTarget section */

/* Begin PBXProject section */
		FB25C23A1AC0FE0800F274B9 /* Project object */ = {
			isa = PBXProject;
			attributes = {
				LastUpgradeCheck = 0610;
				ORGANIZATIONNAME = ISMD;
				TargetAttributes = {
					FB25C2411AC0FE0800F274B9 = {
						CreatedOnToolsVersion = 6.1.1;
					};
				};
			};
			buildConfigurationList = FB25C23D1AC0FE0800F274B9 /* Build configuration list for PBXProject "WIFI LOCATOR" */;
			compatibilityVersion = "Xcode 3.2";
			developmentRegion = English;
			hasScannedForEncodings = 0;
			knownRegions = (
				en,
			);
			mainGroup = FB25C2391AC0FE0800F274B9;
			productRefGroup = FB25C2431AC0FE0800F274B9 /* Products */;
			projectDirPath = "";
			projectRoot = "";
			targets = (
				FB25C2411AC0FE0800F274B9 /* WIFI LOCATOR */,
			);
		};
/* End PBXProject section */

/* Begin PBXSourcesBuildPhase section */
		FB25C23E1AC0FE0800F274B9 /* Sources */ = {
			isa = PBXSourcesBuildPhase;
			buildActionMask = 2147483647;
			files = (
				FB25C2461AC0FE0800F274B9 /* main.cpp in Sources */,
			);
			runOnlyForDeploymentPostprocessing = 0;
		};
/* End PBXSourcesBuildPhase section */

/* Begin XCBuildConfiguration section */
		FB25C2471AC0FE0800F274B9 /* Debug */ = {
			isa = XCBuildConfiguration;
			buildSettings = {
				ALWAYS_SEARCH_USER_PATHS = NO;
				CLANG_CXX_LANGUAGE_STANDARD = "gnu++0x";
				CLANG_CXX_LIBRARY = "libc++";
				CLANG_ENABLE_MODULES = YES;
				CLANG_ENABLE_OBJC_ARC = YES;
				CLANG_WARN_BOOL_CONVERSION = YES;
				CLANG_WARN_CONSTANT_CONVERSION = YES;
				CLANG_WARN_DIRECT_OBJC_ISA_USAGE = YES_ERROR;
				CLANG_WARN_EMPTY_BODY = YES;
				CLANG_WARN_ENUM_CONVERSION = YES;
				CLANG_WARN_INT_CONVERSION = YES;
				CLANG_WARN_OBJC_ROOT_CLASS = YES_ERROR;
				CLANG_WARN_UNREACHABLE_CODE = YES;
				CLANG_WARN__DUPLICATE_METHOD_MATCH = YES;
				COPY_PHASE_STRIP = NO;
				ENABLE_STRICT_OBJC_MSGSEND = YES;
				GCC_C_LANGUAGE_STANDARD = gnu99;
				GCC_DYNAMIC_NO_PIC = NO;
				GCC_OPTIMIZATION_LEVEL = 0;
				GCC_PREPROCESSOR_DEFINITIONS = (
					"DEBUG=1",
					"$(inherited)",
				);
				GCC_SYMBOLS_PRIVATE_EXTERN = NO;
				GCC_WARN_64_TO_32_BIT_CONVERSION = YES;
				GCC_WARN_ABOUT_RETURN_TYPE = YES_ERROR;
				GCC_WARN_UNDECLARED_SELECTOR = YES;
				GCC_WARN_UNINITIALIZED_AUTOS = YES_AGGRESSIVE;
				GCC_WARN_UNUSED_FUNCTION = YES;
				GCC_WARN_UNUSED_VARIABLE = YES;
				MACOSX_DEPLOYMENT_TARGET = 10.10;
				MTL_ENABLE_DEBUG_INFO = YES;
				ONLY_ACTIVE_ARCH = YES;
				SDKROOT = macosx;
			};
			name = Debug;
		};
		FB25C2481AC0FE0800F274B9 /* Release */ = {
			isa = XCBuildConfiguration;
			buildSettings = {
				ALWAYS_SEARCH_USER_PATHS = NO;
				CLANG_CXX_LANGUAGE_STANDARD = "gnu++0x";
				CLANG_CXX_LIBRARY = "libc++";
				CLANG_ENABLE_MODULES = YES;
				CLANG_ENABLE_OBJC_ARC = YES;
				CLANG_WARN_BOOL_CONVERSION = YES;
				CLANG_WARN_CONSTANT_CONVERSION = YES;
				CLANG_WARN_DIRECT_OBJC_ISA_USAGE = YES_ERROR;
				CLANG_WARN_EMPTY_BODY = YES;
				CLANG_WARN_ENUM_CONVERSION = YES;
				CLANG_WARN_INT_CONVERSION = YES;
				CLANG_WARN_OBJC_ROOT_CLASS = YES_ERROR;
				CLANG_WARN_UNREACHABLE_CODE = YES;
				CLANG_WARN__DUPLICATE_METHOD_MATCH = YES;
				COPY_PHASE_STRIP = YES;
				DEBUG_INFORMATION_FORMAT = "dwarf-with-dsym";
				ENABLE_NS_ASSERTIONS = NO;
				ENABLE_STRICT_OBJC_MSGSEND = YES;
				GCC_C_LANGUAGE_STANDARD = gnu99;
				GCC_WARN_64_TO_32_BIT_CONVERSION = YES;
				GCC_WARN_ABOUT_RETURN_TYPE = YES_ERROR;
				GCC_WARN_UNDECLARED_SELECTOR = YES;
				GCC_WARN_UNINITIALIZED_AUTOS = YES_AGGRESSIVE;
				GCC_WARN_UNUSED_FUNCTION = YES;
				GCC_WARN_UNUSED_VARIABLE = YES;
				MACOSX_DEPLOYMENT_TARGET = 10.10;
				MTL_ENABLE_DEBUG_INFO = NO;
				SDKROOT = macosx;
			};
			name = Release;
		};
		FB25C24A1AC0FE0800F274B9 /* Debug */ = {
			isa = XCBuildConfiguration;
			buildSettings = {
				PRODUCT_NAME = "$(TARGET_NAME)";
			};
			name = Debug;
		};
		FB25C24B1AC0FE0800F274B9 /* Release */ = {
			isa = XCBuildConfiguration;
			buildSettings = {
				PRODUCT_NAME = "$(TARGET_NAME)";
			};
			name = Release;
		};
/* End XCBuildConfiguration section */

/* Begin XCConfigurationList section */
		FB25C23D1AC0FE0800F274B9 /* Build configuration list for PBXProject "WIFI LOCATOR" */ = {
			isa = XCConfigurationList;
			buildConfigurations = (
				FB25C2471AC0FE0800F274B9 /* Debug */,
				FB25C2481AC0FE0800F274B9 /* Release */,
			);
			defaultConfigurationIsVisible = 0;
			defaultConfigurationName = Release;
		};
		FB25C2491AC0FE0800F274B9 /* Build configuration list for PBXNativeTarget "WIFI LOCATOR" */ = {
			isa = XCConfigurationList;
			buildConfigurations = (
				FB25C24A1AC0FE0800F274B9 /* Debug */,
				FB25C24B1AC0FE0800F274B9 /* Release */,
			);
			defaultConfigurationIsVisible = 0;
		};
/* End XCConfigurationList section */
	};
	rootObject = FB25C23A1AC0FE0800F274B9 /* Project object */;
}
